Microsoft Visual Studio Solution File, Format Version 12.00
# Visual Studio 2012
Project("{F184B08F-C81C-45F6-A57F-5ABD9991F28F}") = "T100846", "T100846\T100846.vbproj", "{E71C46F5-AE21-460A-AAAB-D496FDC6DE7C}"
EndProject
Global
	GlobalSection(SolutionConfigurationPlatforms) = preSolution
		Debug|Any CPU = Debug|Any CPU
		Release|Any CPU = Release|Any CPU
	EndGlobalSection
	GlobalSection(ProjectConfigurationPlatforms) = postSolution
		{E71C46F5-AE21-460A-AAAB-D496FDC6DE7C}.Debug|Any CPU.ActiveCfg = Debug|Any CPU
		{E71C46F5-AE21-460A-AAAB-D496FDC6DE7C}.Debug|Any CPU.Build.0 = Debug|Any CPU
		{E71C46F5-AE21-460A-AAAB-D496FDC6DE7C}.Release|Any CPU.ActiveCfg = Release|Any CPU
		{E71C46F5-AE21-460A-AAAB-D496FDC6DE7C}.Release|Any CPU.Build.0 = Release|Any CPU
	EndGlobalSection
	GlobalSection(SolutionProperties) = preSolution
		HideSolutionNode = FALSE
	EndGlobalSection
EndGlobal
